
Microsoft Visual Studio Solution File, Format Version 12.00
Project("{2150E333-8FDC-42A3-9474-1A3956D46DE8}") = "src", "src", "{ADDE3A83-F447-4A5E-AA65-85B3A95AE05A}"
EndProject
Project("{2150E333-8FDC-42A3-9474-1A3956D46DE8}") = "tests", "tests", "{A41B307A-FDBF-4795-991A-3FAA76A1C2EC}"
EndProject
Project("{2150E333-8FDC-42A3-9474-1A3956D46DE8}") = "1.UI", "1.UI", "{A05E3AB2-C293-40F8-B44C-01609C3B32D4}"
EndProject
Project("{2150E333-8FDC-42A3-9474-1A3956D46DE8}") = "2.Application", "2.Application", "{DE503DDC-07F6-4289-82A7-9B808EAFAE65}"
EndProject
Project("{2150E333-8FDC-42A3-9474-1A3956D46DE8}") = "3.Infrastructure", "3.Infrastructure", "{1CA6088B-4053-4648-96B7-724921227BFF}"
EndProject
Project("{2150E333-8FDC-42A3-9474-1A3956D46DE8}") = "4.Domain", "4.Domain", "{75E42135-3A9C-4F55-9438-6589793EDC42}"
EndProject
Project("{FAE04EC0-301F-11D3-BF4B-00C04F79EFBC}") = "HRBN.Thesis.CRMExpert.Application", "HRBN.Thesis.CRMExpert.Application\HRBN.Thesis.CRMExpert.Application.csproj", "{2500E1ED-F195-4D5A-B5C1-720DE0FD6206}"
EndProject
Project("{FAE04EC0-301F-11D3-BF4B-00C04F79EFBC}") = "HRBN.Thesis.CRMExpert.Application.Core", "HRBN.Thesis.CRMExpert.Application.Core\HRBN.Thesis.CRMExpert.Application.Core.csproj", "{F42CFB88-9232-4C7C-B57F-BEA40A39D62D}"
EndProject
Project("{FAE04EC0-301F-11D3-BF4B-00C04F79EFBC}") = "HRBN.Thesis.CRMExpert.Infrastructure", "HRBN.Thesis.CRMExpert.Infrastructure\HRBN.Thesis.CRMExpert.Infrastructure.csproj", "{F940142B-F565-41CC-8D1E-08C5BCABFBC3}"
EndProject
Project("{FAE04EC0-301F-11D3-BF4B-00C04F79EFBC}") = "HRBN.Thesis.CRMExpert.Domain", "HRBN.Thesis.CRMExpert.Domain\HRBN.Thesis.CRMExpert.Domain.csproj", "{E84EEF7F-0373-48EC-98AE-0D9D7EA882EF}"
EndProject
Project("{FAE04EC0-301F-11D3-BF4B-00C04F79EFBC}") = "HRBN.Thesis.CRMExpert.Domain.Core", "HRBN.Thesis.CRMExpert.Domain.Core\HRBN.Thesis.CRMExpert.Domain.Core.csproj", "{71B53413-FCC9-4841-BBFF-544732B0D888}"
EndProject
Project("{FAE04EC0-301F-11D3-BF4B-00C04F79EFBC}") = "HRBN.Thesis.CRMExpert.Test.Unit", "HRBN.Thesis.CRMExpert.Test.Unit\HRBN.Thesis.CRMExpert.Test.Unit.csproj", "{ECEE9B6C-F961-424E-A98E-C1B2D4DE73D7}"
EndProject
Project("{FAE04EC0-301F-11D3-BF4B-00C04F79EFBC}") = "HRBN.Thesis.CRMExpert.UI", "HRBN.Thesis.CRMExpert.UI\HRBN.Thesis.CRMExpert.UI.csproj", "{CBF68699-AAE2-4AF6-96B1-731DE115A444}"
EndProject
Global
	GlobalSection(SolutionConfigurationPlatforms) = preSolution
		Debug|Any CPU = Debug|Any CPU
		Release|Any CPU = Release|Any CPU
	EndGlobalSection
	GlobalSection(NestedProjects) = preSolution
		{A05E3AB2-C293-40F8-B44C-01609C3B32D4} = {ADDE3A83-F447-4A5E-AA65-85B3A95AE05A}
		{DE503DDC-07F6-4289-82A7-9B808EAFAE65} = {ADDE3A83-F447-4A5E-AA65-85B3A95AE05A}
		{1CA6088B-4053-4648-96B7-724921227BFF} = {ADDE3A83-F447-4A5E-AA65-85B3A95AE05A}
		{75E42135-3A9C-4F55-9438-6589793EDC42} = {ADDE3A83-F447-4A5E-AA65-85B3A95AE05A}
		{2500E1ED-F195-4D5A-B5C1-720DE0FD6206} = {DE503DDC-07F6-4289-82A7-9B808EAFAE65}
		{F42CFB88-9232-4C7C-B57F-BEA40A39D62D} = {DE503DDC-07F6-4289-82A7-9B808EAFAE65}
		{F940142B-F565-41CC-8D1E-08C5BCABFBC3} = {1CA6088B-4053-4648-96B7-724921227BFF}
		{E84EEF7F-0373-48EC-98AE-0D9D7EA882EF} = {75E42135-3A9C-4F55-9438-6589793EDC42}
		{71B53413-FCC9-4841-BBFF-544732B0D888} = {75E42135-3A9C-4F55-9438-6589793EDC42}
		{ECEE9B6C-F961-424E-A98E-C1B2D4DE73D7} = {A41B307A-FDBF-4795-991A-3FAA76A1C2EC}
		{CBF68699-AAE2-4AF6-96B1-731DE115A444} = {A05E3AB2-C293-40F8-B44C-01609C3B32D4}
	EndGlobalSection
	GlobalSection(ProjectConfigurationPlatforms) = postSolution
		{2500E1ED-F195-4D5A-B5C1-720DE0FD6206}.Debug|Any CPU.ActiveCfg = Debug|Any CPU
		{2500E1ED-F195-4D5A-B5C1-720DE0FD6206}.Debug|Any CPU.Build.0 = Debug|Any CPU
		{2500E1ED-F195-4D5A-B5C1-720DE0FD6206}.Release|Any CPU.ActiveCfg = Release|Any CPU
		{2500E1ED-F195-4D5A-B5C1-720DE0FD6206}.Release|Any CPU.Build.0 = Release|Any CPU
		{F42CFB88-9232-4C7C-B57F-BEA40A39D62D}.Debug|Any CPU.ActiveCfg = Debug|Any CPU
		{F42CFB88-9232-4C7C-B57F-BEA40A39D62D}.Debug|Any CPU.Build.0 = Debug|Any CPU
		{F42CFB88-9232-4C7C-B57F-BEA40A39D62D}.Release|Any CPU.ActiveCfg = Release|Any CPU
		{F42CFB88-9232-4C7C-B57F-BEA40A39D62D}.Release|Any CPU.Build.0 = Release|Any CPU
		{F940142B-F565-41CC-8D1E-08C5BCABFBC3}.Debug|Any CPU.ActiveCfg = Debug|Any CPU
		{F940142B-F565-41CC-8D1E-08C5BCABFBC3}.Debug|Any CPU.Build.0 = Debug|Any CPU
		{F940142B-F565-41CC-8D1E-08C5BCABFBC3}.Release|Any CPU.ActiveCfg = Release|Any CPU
		{F940142B-F565-41CC-8D1E-08C5BCABFBC3}.Release|Any CPU.Build.0 = Release|Any CPU
		{E84EEF7F-0373-48EC-98AE-0D9D7EA882EF}.Debug|Any CPU.ActiveCfg = Debug|Any CPU
		{E84EEF7F-0373-48EC-98AE-0D9D7EA882EF}.Debug|Any CPU.Build.0 = Debug|Any CPU
		{E84EEF7F-0373-48EC-98AE-0D9D7EA882EF}.Release|Any CPU.ActiveCfg = Release|Any CPU
		{E84EEF7F-0373-48EC-98AE-0D9D7EA882EF}.Release|Any CPU.Build.0 = Release|Any CPU
		{71B53413-FCC9-4841-BBFF-544732B0D888}.Debug|Any CPU.ActiveCfg = Debug|Any CPU
		{71B53413-FCC9-4841-BBFF-544732B0D888}.Debug|Any CPU.Build.0 = Debug|Any CPU
		{71B53413-FCC9-4841-BBFF-544732B0D888}.Release|Any CPU.ActiveCfg = Release|Any CPU
		{71B53413-FCC9-4841-BBFF-544732B0D888}.Release|Any CPU.Build.0 = Release|Any CPU
		{ECEE9B6C-F961-424E-A98E-C1B2D4DE73D7}.Debug|Any CPU.ActiveCfg = Debug|Any CPU
		{ECEE9B6C-F961-424E-A98E-C1B2D4DE73D7}.Debug|Any CPU.Build.0 = Debug|Any CPU
		{ECEE9B6C-F961-424E-A98E-C1B2D4DE73D7}.Release|Any CPU.ActiveCfg = Release|Any CPU
		{ECEE9B6C-F961-424E-A98E-C1B2D4DE73D7}.Release|Any CPU.Build.0 = Release|Any CPU
		{CBF68699-AAE2-4AF6-96B1-731DE115A444}.Debug|Any CPU.ActiveCfg = Debug|Any CPU
		{CBF68699-AAE2-4AF6-96B1-731DE115A444}.Debug|Any CPU.Build.0 = Debug|Any CPU
		{CBF68699-AAE2-4AF6-96B1-731DE115A444}.Release|Any CPU.ActiveCfg = Release|Any CPU
		{CBF68699-AAE2-4AF6-96B1-731DE115A444}.Release|Any CPU.Build.0 = Release|Any CPU
	EndGlobalSection
EndGlobal
